
Microsoft Visual Studio Solution File, Format Version 12.00
# Visual Studio 2013
VisualStudioVersion = 12.0.31101.0
MinimumVisualStudioVersion = 10.0.40219.1
Project("{FAE04EC0-301F-11D3-BF4B-00C04F79EFBC}") = "Bigrivers.Server.Webservice", "Bigrivers.Server\Bigrivers.Server.Webservice\Bigrivers.Server.Webservice.csproj", "{F141E645-059A-4F35-9887-0D5B603B5163}"
EndProject
Project("{FAE04EC0-301F-11D3-BF4B-00C04F79EFBC}") = "Bigrivers.Client.ConsoleClient", "Bigrivers.Client\Bigrivers.Client.ConsoleClient\Bigrivers.Client.ConsoleClient.csproj", "{063602A2-914A-4028-BBC0-7BE8C8D76A87}"
EndProject
Project("{FAE04EC0-301F-11D3-BF4B-00C04F79EFBC}") = "Bigrivers.Server.Model", "Bigrivers.Server\Bigrivers.Server.Model\Bigrivers.Server.Model.csproj", "{6CF12E3B-53D8-46E9-8FC6-B241A645877C}"
EndProject
Project("{FAE04EC0-301F-11D3-BF4B-00C04F79EFBC}") = "Bigrivers.Server.Data", "Bigrivers.Server\Bigrivers.Server.Data\Bigrivers.Server.Data.csproj", "{26178F23-AB38-4B96-89F9-04B580C660DB}"
EndProject
Project("{2150E333-8FDC-42A3-9474-1A3956D46DE8}") = "Bigrivers.Server", "Bigrivers.Server", "{93D7A53E-CD23-451C-9338-10D698E0485F}"
EndProject
Project("{2150E333-8FDC-42A3-9474-1A3956D46DE8}") = "Bigrivers.Client", "Bigrivers.Client", "{526851FD-A62F-457C-A40E-B178B601DA15}"
EndProject
Project("{FAE04EC0-301F-11D3-BF4B-00C04F79EFBC}") = "Bigrivers.Client.DAL", "Bigrivers.Client\Bigrivers.Client.DAL\Bigrivers.Client.DAL.csproj", "{D7872806-7847-4F24-947E-86CF5FA9298A}"
EndProject
Global
	GlobalSection(SolutionConfigurationPlatforms) = preSolution
		Debug|Any CPU = Debug|Any CPU
		Debug|ARM = Debug|ARM
		Debug|x64 = Debug|x64
		Debug|x86 = Debug|x86
		Release|Any CPU = Release|Any CPU
		Release|ARM = Release|ARM
		Release|x64 = Release|x64
		Release|x86 = Release|x86
	EndGlobalSection
	GlobalSection(ProjectConfigurationPlatforms) = postSolution
		{F141E645-059A-4F35-9887-0D5B603B5163}.Debug|Any CPU.ActiveCfg = Debug|Any CPU
		{F141E645-059A-4F35-9887-0D5B603B5163}.Debug|Any CPU.Build.0 = Debug|Any CPU
		{F141E645-059A-4F35-9887-0D5B603B5163}.Debug|ARM.ActiveCfg = Debug|Any CPU
		{F141E645-059A-4F35-9887-0D5B603B5163}.Debug|x64.ActiveCfg = Debug|Any CPU
		{F141E645-059A-4F35-9887-0D5B603B5163}.Debug|x86.ActiveCfg = Debug|Any CPU
		{F141E645-059A-4F35-9887-0D5B603B5163}.Release|Any CPU.ActiveCfg = Release|Any CPU
		{F141E645-059A-4F35-9887-0D5B603B5163}.Release|Any CPU.Build.0 = Release|Any CPU
		{F141E645-059A-4F35-9887-0D5B603B5163}.Release|ARM.ActiveCfg = Release|Any CPU
		{F141E645-059A-4F35-9887-0D5B603B5163}.Release|x64.ActiveCfg = Release|Any CPU
		{F141E645-059A-4F35-9887-0D5B603B5163}.Release|x86.ActiveCfg = Release|Any CPU
		{063602A2-914A-4028-BBC0-7BE8C8D76A87}.Debug|Any CPU.ActiveCfg = Debug|Any CPU
		{063602A2-914A-4028-BBC0-7BE8C8D76A87}.Debug|Any CPU.Build.0 = Debug|Any CPU
		{063602A2-914A-4028-BBC0-7BE8C8D76A87}.Debug|ARM.ActiveCfg = Debug|Any CPU
		{063602A2-914A-4028-BBC0-7BE8C8D76A87}.Debug|x64.ActiveCfg = Debug|Any CPU
		{063602A2-914A-4028-BBC0-7BE8C8D76A87}.Debug|x86.ActiveCfg = Debug|Any CPU
		{063602A2-914A-4028-BBC0-7BE8C8D76A87}.Release|Any CPU.ActiveCfg = Release|Any CPU
		{063602A2-914A-4028-BBC0-7BE8C8D76A87}.Release|Any CPU.Build.0 = Release|Any CPU
		{063602A2-914A-4028-BBC0-7BE8C8D76A87}.Release|ARM.ActiveCfg = Release|Any CPU
		{063602A2-914A-4028-BBC0-7BE8C8D76A87}.Release|x64.ActiveCfg = Release|Any CPU
		{063602A2-914A-4028-BBC0-7BE8C8D76A87}.Release|x86.ActiveCfg = Release|Any CPU
		{6CF12E3B-53D8-46E9-8FC6-B241A645877C}.Debug|Any CPU.ActiveCfg = Debug|Any CPU
		{6CF12E3B-53D8-46E9-8FC6-B241A645877C}.Debug|Any CPU.Build.0 = Debug|Any CPU
		{6CF12E3B-53D8-46E9-8FC6-B241A645877C}.Debug|ARM.ActiveCfg = Debug|Any CPU
		{6CF12E3B-53D8-46E9-8FC6-B241A645877C}.Debug|x64.ActiveCfg = Debug|Any CPU
		{6CF12E3B-53D8-46E9-8FC6-B241A645877C}.Debug|x86.ActiveCfg = Debug|Any CPU
		{6CF12E3B-53D8-46E9-8FC6-B241A645877C}.Release|Any CPU.ActiveCfg = Release|Any CPU
		{6CF12E3B-53D8-46E9-8FC6-B241A645877C}.Release|Any CPU.Build.0 = Release|Any CPU
		{6CF12E3B-53D8-46E9-8FC6-B241A645877C}.Release|ARM.ActiveCfg = Release|Any CPU
		{6CF12E3B-53D8-46E9-8FC6-B241A645877C}.Release|x64.ActiveCfg = Release|Any CPU
		{6CF12E3B-53D8-46E9-8FC6-B241A645877C}.Release|x86.ActiveCfg = Release|Any CPU
		{26178F23-AB38-4B96-89F9-04B580C660DB}.Debug|Any CPU.ActiveCfg = Debug|Any CPU
		{26178F23-AB38-4B96-89F9-04B580C660DB}.Debug|Any CPU.Build.0 = Debug|Any CPU
		{26178F23-AB38-4B96-89F9-04B580C660DB}.Debug|ARM.ActiveCfg = Debug|Any CPU
		{26178F23-AB38-4B96-89F9-04B580C660DB}.Debug|x64.ActiveCfg = Debug|Any CPU
		{26178F23-AB38-4B96-89F9-04B580C660DB}.Debug|x86.ActiveCfg = Debug|Any CPU
		{26178F23-AB38-4B96-89F9-04B580C660DB}.Release|Any CPU.ActiveCfg = Release|Any CPU
		{26178F23-AB38-4B96-89F9-04B580C660DB}.Release|Any CPU.Build.0 = Release|Any CPU
		{26178F23-AB38-4B96-89F9-04B580C660DB}.Release|ARM.ActiveCfg = Release|Any CPU
		{26178F23-AB38-4B96-89F9-04B580C660DB}.Release|x64.ActiveCfg = Release|Any CPU
		{26178F23-AB38-4B96-89F9-04B580C660DB}.Release|x86.ActiveCfg = Release|Any CPU
		{D7872806-7847-4F24-947E-86CF5FA9298A}.Debug|Any CPU.ActiveCfg = Debug|Any CPU
		{D7872806-7847-4F24-947E-86CF5FA9298A}.Debug|Any CPU.Build.0 = Debug|Any CPU
		{D7872806-7847-4F24-947E-86CF5FA9298A}.Debug|ARM.ActiveCfg = Debug|Any CPU
		{D7872806-7847-4F24-947E-86CF5FA9298A}.Debug|x64.ActiveCfg = Debug|Any CPU
		{D7872806-7847-4F24-947E-86CF5FA9298A}.Debug|x86.ActiveCfg = Debug|Any CPU
		{D7872806-7847-4F24-947E-86CF5FA9298A}.Release|Any CPU.ActiveCfg = Release|Any CPU
		{D7872806-7847-4F24-947E-86CF5FA9298A}.Release|Any CPU.Build.0 = Release|Any CPU
		{D7872806-7847-4F24-947E-86CF5FA9298A}.Release|ARM.ActiveCfg = Release|Any CPU
		{D7872806-7847-4F24-947E-86CF5FA9298A}.Release|x64.ActiveCfg = Release|Any CPU
		{D7872806-7847-4F24-947E-86CF5FA9298A}.Release|x86.ActiveCfg = Release|Any CPU
	EndGlobalSection
	GlobalSection(SolutionProperties) = preSolution
		HideSolutionNode = FALSE
	EndGlobalSection
	GlobalSection(NestedProjects) = preSolution
		{F141E645-059A-4F35-9887-0D5B603B5163} = {93D7A53E-CD23-451C-9338-10D698E0485F}
		{063602A2-914A-4028-BBC0-7BE8C8D76A87} = {526851FD-A62F-457C-A40E-B178B601DA15}
		{6CF12E3B-53D8-46E9-8FC6-B241A645877C} = {93D7A53E-CD23-451C-9338-10D698E0485F}
		{26178F23-AB38-4B96-89F9-04B580C660DB} = {93D7A53E-CD23-451C-9338-10D698E0485F}
		{D7872806-7847-4F24-947E-86CF5FA9298A} = {526851FD-A62F-457C-A40E-B178B601DA15}
	EndGlobalSection
EndGlobal
